// !$*UTF8*$!
{
	archiveVersion = 1;
	classes = {
	};
	objectVersion = 56;
	objects = {

/* Begin PBXBuildFile section */
		47E051F02C49989D0011CB98 /* AppDelegate.swift in Sources */ = {isa = PBXBuildFile; fileRef = 47E051EF2C49989D0011CB98 /* AppDelegate.swift */; };
		47E051F92C49989E0011CB98 /* Images.xcassets in Resources */ = {isa = PBXBuildFile; fileRef = 47E051F82C49989E0011CB98 /* Images.xcassets */; };
		47E051FC2C49989E0011CB98 /* Base in Resources */ = {isa = PBXBuildFile; fileRef = 47E051FB2C49989E0011CB98 /* Base */; };
		47E052142C4ADC400011CB98 /* Coordinator.swift in Sources */ = {isa = PBXBuildFile; fileRef = 47E052132C4ADC400011CB98 /* Coordinator.swift */; };
		47E052182C4ADD590011CB98 /* BaseCoordinator.swift in Sources */ = {isa = PBXBuildFile; fileRef = 47E052172C4ADD590011CB98 /* BaseCoordinator.swift */; };
		47E0521A2C4AE2FC0011CB98 /* CoordinatorFactory.swift in Sources */ = {isa = PBXBuildFile; fileRef = 47E052192C4AE2FC0011CB98 /* CoordinatorFactory.swift */; };
		47E0521C2C4AE31F0011CB98 /* CoordinatorFactoryProtocol.swift in Sources */ = {isa = PBXBuildFile; fileRef = 47E0521B2C4AE31F0011CB98 /* CoordinatorFactoryProtocol.swift */; };
		47E0521F2C4AE3690011CB98 /* BaseView.swift in Sources */ = {isa = PBXBuildFile; fileRef = 47E0521E2C4AE3690011CB98 /* BaseView.swift */; };
		47E052212C4AE39C0011CB98 /* Presentable.swift in Sources */ = {isa = PBXBuildFile; fileRef = 47E052202C4AE39C0011CB98 /* Presentable.swift */; };
		47E052242C4AE4B90011CB98 /* FlowFactory.swift in Sources */ = {isa = PBXBuildFile; fileRef = 47E052232C4AE4B90011CB98 /* FlowFactory.swift */; };
		47E052272C4AE5180011CB98 /* Routable.swift in Sources */ = {isa = PBXBuildFile; fileRef = 47E052262C4AE5180011CB98 /* Routable.swift */; };
		47E0522A2C4AEE270011CB98 /* Router.swift in Sources */ = {isa = PBXBuildFile; fileRef = 47E052292C4AEE270011CB98 /* Router.swift */; };
		47E0522D2C4AEFB10011CB98 /* Typealias.swift in Sources */ = {isa = PBXBuildFile; fileRef = 47E0522C2C4AEFB10011CB98 /* Typealias.swift */; };
		47E052342C4AFB8E0011CB98 /* UIApplication+Extensions.swift in Sources */ = {isa = PBXBuildFile; fileRef = 47E052332C4AFB8E0011CB98 /* UIApplication+Extensions.swift */; };
		47E052362C4C12CE0011CB98 /* AppCoordinator.swift in Sources */ = {isa = PBXBuildFile; fileRef = 47E052352C4C12CE0011CB98 /* AppCoordinator.swift */; };
		47E0523C2C4C16610011CB98 /* SplashScreenCoordinator.swift in Sources */ = {isa = PBXBuildFile; fileRef = 47E0523B2C4C16610011CB98 /* SplashScreenCoordinator.swift */; };
		47E052402C4C17C20011CB98 /* SplashScreenFlowFactory.swift in Sources */ = {isa = PBXBuildFile; fileRef = 47E0523F2C4C17C20011CB98 /* SplashScreenFlowFactory.swift */; };
		47E052422C4C17F80011CB98 /* SplashScreenView.swift in Sources */ = {isa = PBXBuildFile; fileRef = 47E052412C4C17F80011CB98 /* SplashScreenView.swift */; };
		47E052442C4C18410011CB98 /* SplashScreenViewController.swift in Sources */ = {isa = PBXBuildFile; fileRef = 47E052432C4C18410011CB98 /* SplashScreenViewController.swift */; };
		47E052492C4C19380011CB98 /* BaseViewController.swift in Sources */ = {isa = PBXBuildFile; fileRef = 47E052482C4C19380011CB98 /* BaseViewController.swift */; };
		47E0524C2C4C1A0F0011CB98 /* ColorsProtocol.swift in Sources */ = {isa = PBXBuildFile; fileRef = 47E0524B2C4C1A0F0011CB98 /* ColorsProtocol.swift */; };
		47E0524E2C4C1A680011CB98 /* Colors.swift in Sources */ = {isa = PBXBuildFile; fileRef = 47E0524D2C4C1A680011CB98 /* Colors.swift */; };
		47E052502C4C1AA40011CB98 /* Colors.xcassets in Resources */ = {isa = PBXBuildFile; fileRef = 47E0524F2C4C1AA40011CB98 /* Colors.xcassets */; };
		47E052522C4C1C2F0011CB98 /* ImagesProtocol.swift in Sources */ = {isa = PBXBuildFile; fileRef = 47E052512C4C1C2F0011CB98 /* ImagesProtocol.swift */; };
		47E052542C4C1C890011CB98 /* Images.swift in Sources */ = {isa = PBXBuildFile; fileRef = 47E052532C4C1C890011CB98 /* Images.swift */; };
		47E052572C4C1D420011CB98 /* LocalizableKeys.swift in Sources */ = {isa = PBXBuildFile; fileRef = 47E052562C4C1D420011CB98 /* LocalizableKeys.swift */; };
		47E052592C4C1D640011CB98 /* String+Extensions.swift in Sources */ = {isa = PBXBuildFile; fileRef = 47E052582C4C1D640011CB98 /* String+Extensions.swift */; };
		47E0525C2C4C1F6E0011CB98 /* LanguageType.swift in Sources */ = {isa = PBXBuildFile; fileRef = 47E0525B2C4C1F6E0011CB98 /* LanguageType.swift */; };
		47E0525F2C4C20C40011CB98 /* UserDefaultsService.swift in Sources */ = {isa = PBXBuildFile; fileRef = 47E0525E2C4C20C40011CB98 /* UserDefaultsService.swift */; };
		47E052632C4C4CF60011CB98 /* UILabel+Extensions.swift in Sources */ = {isa = PBXBuildFile; fileRef = 47E052622C4C4CF60011CB98 /* UILabel+Extensions.swift */; };
		47E052662C4CECEA0011CB98 /* Localizable.strings in Resources */ = {isa = PBXBuildFile; fileRef = 47E052642C4CECEA0011CB98 /* Localizable.strings */; };
		47E052692C4CF3770011CB98 /* UIView+Extensions.swift in Sources */ = {isa = PBXBuildFile; fileRef = 47E052682C4CF3770011CB98 /* UIView+Extensions.swift */; };
		47E0526B2C4D2C180011CB98 /* UIStackView+Extensions.swift in Sources */ = {isa = PBXBuildFile; fileRef = 47E0526A2C4D2C180011CB98 /* UIStackView+Extensions.swift */; };
		47E052722C4D49E50011CB98 /* MainScreenCoordinator.swift in Sources */ = {isa = PBXBuildFile; fileRef = 47E052712C4D49E50011CB98 /* MainScreenCoordinator.swift */; };
		47E052742C4D4A6C0011CB98 /* MainScreenFlowFactory.swift in Sources */ = {isa = PBXBuildFile; fileRef = 47E052732C4D4A6C0011CB98 /* MainScreenFlowFactory.swift */; };
		47E052762C4D4AC30011CB98 /* MainScreenView.swift in Sources */ = {isa = PBXBuildFile; fileRef = 47E052752C4D4AC30011CB98 /* MainScreenView.swift */; };
		47E052782C4D4B200011CB98 /* MainScreenViewController.swift in Sources */ = {isa = PBXBuildFile; fileRef = 47E052772C4D4B200011CB98 /* MainScreenViewController.swift */; };
		47E0527A2C4D4B460011CB98 /* MainScreenViewModel.swift in Sources */ = {isa = PBXBuildFile; fileRef = 47E052792C4D4B460011CB98 /* MainScreenViewModel.swift */; };
		47E0527C2C4D54630011CB98 /* UICollectionView+Extensions.swift in Sources */ = {isa = PBXBuildFile; fileRef = 47E0527B2C4D54630011CB98 /* UICollectionView+Extensions.swift */; };
		47E0527E2C4D7FC30011CB98 /* NSObject+Extensions.swift in Sources */ = {isa = PBXBuildFile; fileRef = 47E0527D2C4D7FC30011CB98 /* NSObject+Extensions.swift */; };
		47E052812C4D84500011CB98 /* WeatherEventCell.swift in Sources */ = {isa = PBXBuildFile; fileRef = 47E052802C4D84500011CB98 /* WeatherEventCell.swift */; };
		47E052832C4D85C90011CB98 /* WeatherEvent.swift in Sources */ = {isa = PBXBuildFile; fileRef = 47E052822C4D85C90011CB98 /* WeatherEvent.swift */; };
		47E052852C4D8BA30011CB98 /* GradientView.swift in Sources */ = {isa = PBXBuildFile; fileRef = 47E052842C4D8BA30011CB98 /* GradientView.swift */; };
		47E052872C4E75670011CB98 /* UIColor+Extensions.swift in Sources */ = {isa = PBXBuildFile; fileRef = 47E052862C4E75670011CB98 /* UIColor+Extensions.swift */; };
		47E052892C4EA6550011CB98 /* AnimationView.swift in Sources */ = {isa = PBXBuildFile; fileRef = 47E052882C4EA6550011CB98 /* AnimationView.swift */; };
		47E052912C4EF5030011CB98 /* UIDevice+Extensions.swift in Sources */ = {isa = PBXBuildFile; fileRef = 47E052902C4EF5030011CB98 /* UIDevice+Extensions.swift */; };
/* End PBXBuildFile section */

/* Begin PBXFileReference section */
		47E051EC2C49989D0011CB98 /* Weather Events.app */ = {isa = PBXFileReference; explicitFileType = wrapper.application; includeInIndex = 0; path = "Weather Events.app"; sourceTree = BUILT_PRODUCTS_DIR; };
		47E051EF2C49989D0011CB98 /* AppDelegate.swift */ = {isa = PBXFileReference; lastKnownFileType = sourcecode.swift; path = AppDelegate.swift; sourceTree = "<group>"; };
		47E051F82C49989E0011CB98 /* Images.xcassets */ = {isa = PBXFileReference; lastKnownFileType = folder.assetcatalog; path = Images.xcassets; sourceTree = "<group>"; };
		47E051FB2C49989E0011CB98 /* Base */ = {isa = PBXFileReference; lastKnownFileType = file.storyboard; name = Base; path = Base.lproj/LaunchScreen.storyboard; sourceTree = "<group>"; };
		47E0520E2C49A1BA0011CB98 /* Info.plist */ = {isa = PBXFileReference; fileEncoding = 4; lastKnownFileType = text.plist.xml; path = Info.plist; sourceTree = "<group>"; };
		47E052132C4ADC400011CB98 /* Coordinator.swift */ = {isa = PBXFileReference; lastKnownFileType = sourcecode.swift; path = Coordinator.swift; sourceTree = "<group>"; };
		47E052172C4ADD590011CB98 /* BaseCoordinator.swift */ = {isa = PBXFileReference; lastKnownFileType = sourcecode.swift; path = BaseCoordinator.swift; sourceTree = "<group>"; };
		47E052192C4AE2FC0011CB98 /* CoordinatorFactory.swift */ = {isa = PBXFileReference; lastKnownFileType = sourcecode.swift; path = CoordinatorFactory.swift; sourceTree = "<group>"; };
		47E0521B2C4AE31F0011CB98 /* CoordinatorFactoryProtocol.swift */ = {isa = PBXFileReference; lastKnownFileType = sourcecode.swift; path = CoordinatorFactoryProtocol.swift; sourceTree = "<group>"; };
		47E0521E2C4AE3690011CB98 /* BaseView.swift */ = {isa = PBXFileReference; lastKnownFileType = sourcecode.swift; path = BaseView.swift; sourceTree = "<group>"; };
		47E052202C4AE39C0011CB98 /* Presentable.swift */ = {isa = PBXFileReference; lastKnownFileType = sourcecode.swift; path = Presentable.swift; sourceTree = "<group>"; };
		47E052232C4AE4B90011CB98 /* FlowFactory.swift */ = {isa = PBXFileReference; lastKnownFileType = sourcecode.swift; path = FlowFactory.swift; sourceTree = "<group>"; };
		47E052262C4AE5180011CB98 /* Routable.swift */ = {isa = PBXFileReference; lastKnownFileType = sourcecode.swift; path = Routable.swift; sourceTree = "<group>"; };
		47E052292C4AEE270011CB98 /* Router.swift */ = {isa = PBXFileReference; lastKnownFileType = sourcecode.swift; path = Router.swift; sourceTree = "<group>"; };
		47E0522C2C4AEFB10011CB98 /* Typealias.swift */ = {isa = PBXFileReference; lastKnownFileType = sourcecode.swift; path = Typealias.swift; sourceTree = "<group>"; };
		47E052332C4AFB8E0011CB98 /* UIApplication+Extensions.swift */ = {isa = PBXFileReference; lastKnownFileType = sourcecode.swift; path = "UIApplication+Extensions.swift"; sourceTree = "<group>"; };
		47E052352C4C12CE0011CB98 /* AppCoordinator.swift */ = {isa = PBXFileReference; lastKnownFileType = sourcecode.swift; path = AppCoordinator.swift; sourceTree = "<group>"; };
		47E0523B2C4C16610011CB98 /* SplashScreenCoordinator.swift */ = {isa = PBXFileReference; lastKnownFileType = sourcecode.swift; path = SplashScreenCoordinator.swift; sourceTree = "<group>"; };
		47E0523F2C4C17C20011CB98 /* SplashScreenFlowFactory.swift */ = {isa = PBXFileReference; lastKnownFileType = sourcecode.swift; path = SplashScreenFlowFactory.swift; sourceTree = "<group>"; };
		47E052412C4C17F80011CB98 /* SplashScreenView.swift */ = {isa = PBXFileReference; lastKnownFileType = sourcecode.swift; path = SplashScreenView.swift; sourceTree = "<group>"; };
		47E052432C4C18410011CB98 /* SplashScreenViewController.swift */ = {isa = PBXFileReference; lastKnownFileType = sourcecode.swift; path = SplashScreenViewController.swift; sourceTree = "<group>"; };
		47E052482C4C19380011CB98 /* BaseViewController.swift */ = {isa = PBXFileReference; lastKnownFileType = sourcecode.swift; path = BaseViewController.swift; sourceTree = "<group>"; };
		47E0524B2C4C1A0F0011CB98 /* ColorsProtocol.swift */ = {isa = PBXFileReference; lastKnownFileType = sourcecode.swift; path = ColorsProtocol.swift; sourceTree = "<group>"; };
		47E0524D2C4C1A680011CB98 /* Colors.swift */ = {isa = PBXFileReference; lastKnownFileType = sourcecode.swift; path = Colors.swift; sourceTree = "<group>"; };
		47E0524F2C4C1AA40011CB98 /* Colors.xcassets */ = {isa = PBXFileReference; lastKnownFileType = folder.assetcatalog; path = Colors.xcassets; sourceTree = "<group>"; };
		47E052512C4C1C2F0011CB98 /* ImagesProtocol.swift */ = {isa = PBXFileReference; lastKnownFileType = sourcecode.swift; path = ImagesProtocol.swift; sourceTree = "<group>"; };
		47E052532C4C1C890011CB98 /* Images.swift */ = {isa = PBXFileReference; lastKnownFileType = sourcecode.swift; path = Images.swift; sourceTree = "<group>"; };
		47E052562C4C1D420011CB98 /* LocalizableKeys.swift */ = {isa = PBXFileReference; lastKnownFileType = sourcecode.swift; path = LocalizableKeys.swift; sourceTree = "<group>"; };
		47E052582C4C1D640011CB98 /* String+Extensions.swift */ = {isa = PBXFileReference; lastKnownFileType = sourcecode.swift; path = "String+Extensions.swift"; sourceTree = "<group>"; };
		47E0525B2C4C1F6E0011CB98 /* LanguageType.swift */ = {isa = PBXFileReference; lastKnownFileType = sourcecode.swift; path = LanguageType.swift; sourceTree = "<group>"; };
		47E0525E2C4C20C40011CB98 /* UserDefaultsService.swift */ = {isa = PBXFileReference; lastKnownFileType = sourcecode.swift; path = UserDefaultsService.swift; sourceTree = "<group>"; };
		47E052622C4C4CF60011CB98 /* UILabel+Extensions.swift */ = {isa = PBXFileReference; lastKnownFileType = sourcecode.swift; path = "UILabel+Extensions.swift"; sourceTree = "<group>"; };
		47E052652C4CECEA0011CB98 /* en */ = {isa = PBXFileReference; lastKnownFileType = text.plist.strings; name = en; path = en.lproj/Localizable.strings; sourceTree = "<group>"; };
		47E052672C4CED010011CB98 /* ru */ = {isa = PBXFileReference; lastKnownFileType = text.plist.strings; name = ru; path = ru.lproj/Localizable.strings; sourceTree = "<group>"; };
		47E052682C4CF3770011CB98 /* UIView+Extensions.swift */ = {isa = PBXFileReference; lastKnownFileType = sourcecode.swift; path = "UIView+Extensions.swift"; sourceTree = "<group>"; };
		47E0526A2C4D2C180011CB98 /* UIStackView+Extensions.swift */ = {isa = PBXFileReference; lastKnownFileType = sourcecode.swift; path = "UIStackView+Extensions.swift"; sourceTree = "<group>"; };
		47E052712C4D49E50011CB98 /* MainScreenCoordinator.swift */ = {isa = PBXFileReference; lastKnownFileType = sourcecode.swift; path = MainScreenCoordinator.swift; sourceTree = "<group>"; };
		47E052732C4D4A6C0011CB98 /* MainScreenFlowFactory.swift */ = {isa = PBXFileReference; lastKnownFileType = sourcecode.swift; path = MainScreenFlowFactory.swift; sourceTree = "<group>"; };
		47E052752C4D4AC30011CB98 /* MainScreenView.swift */ = {isa = PBXFileReference; lastKnownFileType = sourcecode.swift; path = MainScreenView.swift; sourceTree = "<group>"; };
		47E052772C4D4B200011CB98 /* MainScreenViewController.swift */ = {isa = PBXFileReference; lastKnownFileType = sourcecode.swift; path = MainScreenViewController.swift; sourceTree = "<group>"; };
		47E052792C4D4B460011CB98 /* MainScreenViewModel.swift */ = {isa = PBXFileReference; lastKnownFileType = sourcecode.swift; path = MainScreenViewModel.swift; sourceTree = "<group>"; };
		47E0527B2C4D54630011CB98 /* UICollectionView+Extensions.swift */ = {isa = PBXFileReference; lastKnownFileType = sourcecode.swift; path = "UICollectionView+Extensions.swift"; sourceTree = "<group>"; };
		47E0527D2C4D7FC30011CB98 /* NSObject+Extensions.swift */ = {isa = PBXFileReference; lastKnownFileType = sourcecode.swift; path = "NSObject+Extensions.swift"; sourceTree = "<group>"; };
		47E052802C4D84500011CB98 /* WeatherEventCell.swift */ = {isa = PBXFileReference; lastKnownFileType = sourcecode.swift; path = WeatherEventCell.swift; sourceTree = "<group>"; };
		47E052822C4D85C90011CB98 /* WeatherEvent.swift */ = {isa = PBXFileReference; lastKnownFileType = sourcecode.swift; path = WeatherEvent.swift; sourceTree = "<group>"; };
		47E052842C4D8BA30011CB98 /* GradientView.swift */ = {isa = PBXFileReference; lastKnownFileType = sourcecode.swift; path = GradientView.swift; sourceTree = "<group>"; };
		47E052862C4E75670011CB98 /* UIColor+Extensions.swift */ = {isa = PBXFileReference; lastKnownFileType = sourcecode.swift; path = "UIColor+Extensions.swift"; sourceTree = "<group>"; };
		47E052882C4EA6550011CB98 /* AnimationView.swift */ = {isa = PBXFileReference; lastKnownFileType = sourcecode.swift; path = AnimationView.swift; sourceTree = "<group>"; };
		47E052902C4EF5030011CB98 /* UIDevice+Extensions.swift */ = {isa = PBXFileReference; lastKnownFileType = sourcecode.swift; path = "UIDevice+Extensions.swift"; sourceTree = "<group>"; };
/* End PBXFileReference section */

/* Begin PBXFrameworksBuildPhase section */
		47E051E92C49989D0011CB98 /* Frameworks */ = {
			isa = PBXFrameworksBuildPhase;
			buildActionMask = 2147483647;
			files = (
			);
			runOnlyForDeploymentPostprocessing = 0;
		};
/* End PBXFrameworksBuildPhase section */

/* Begin PBXGroup section */
		47E051E32C49989D0011CB98 = {
			isa = PBXGroup;
			children = (
				47E051EE2C49989D0011CB98 /* WeatherEvent */,
				47E051ED2C49989D0011CB98 /* Products */,
			);
			sourceTree = "<group>";
		};
		47E051ED2C49989D0011CB98 /* Products */ = {
			isa = PBXGroup;
			children = (
				47E051EC2C49989D0011CB98 /* Weather Events.app */,
			);
			name = Products;
			sourceTree = "<group>";
		};
		47E051EE2C49989D0011CB98 /* WeatherEvent */ = {
			isa = PBXGroup;
			children = (
				47E052032C4999E50011CB98 /* Sources */,
				47E052042C4999EA0011CB98 /* Resources */,
			);
			path = WeatherEvent;
			sourceTree = "<group>";
		};
		47E052032C4999E50011CB98 /* Sources */ = {
			isa = PBXGroup;
			children = (
				47E052052C4999F60011CB98 /* _App */,
				47E052102C49A1DF0011CB98 /* _Common */,
				47E052112C49A1EB0011CB98 /* _Modules */,
				47E052122C49A1F40011CB98 /* Utils */,
			);
			path = Sources;
			sourceTree = "<group>";
		};
		47E052042C4999EA0011CB98 /* Resources */ = {
			isa = PBXGroup;
			children = (
				47E052552C4C1D2C0011CB98 /* Localization */,
				47E052062C499A120011CB98 /* Images */,
				47E0524A2C4C19AB0011CB98 /* Colors */,
				47E051FA2C49989E0011CB98 /* LaunchScreen.storyboard */,
				47E0520E2C49A1BA0011CB98 /* Info.plist */,
			);
			path = Resources;
			sourceTree = "<group>";
		};
		47E052052C4999F60011CB98 /* _App */ = {
			isa = PBXGroup;
			children = (
				47E051EF2C49989D0011CB98 /* AppDelegate.swift */,
				47E052352C4C12CE0011CB98 /* AppCoordinator.swift */,
			);
			path = _App;
			sourceTree = "<group>";
		};
		47E052062C499A120011CB98 /* Images */ = {
			isa = PBXGroup;
			children = (
				47E052512C4C1C2F0011CB98 /* ImagesProtocol.swift */,
				47E052532C4C1C890011CB98 /* Images.swift */,
				47E051F82C49989E0011CB98 /* Images.xcassets */,
			);
			path = Images;
			sourceTree = "<group>";
		};
		47E052102C49A1DF0011CB98 /* _Common */ = {
			isa = PBXGroup;
			children = (
				47E052152C4ADC490011CB98 /* AppFlow */,
				47E0525D2C4C209D0011CB98 /* Services */,
				47E052452C4C19090011CB98 /* Views */,
			);
			path = _Common;
			sourceTree = "<group>";
		};
		47E052112C49A1EB0011CB98 /* _Modules */ = {
			isa = PBXGroup;
			children = (
				47E052372C4C13B80011CB98 /* SplashScreen */,
				47E0526C2C4D43F70011CB98 /* MainScreen */,
			);
			path = _Modules;
			sourceTree = "<group>";
		};
		47E052122C49A1F40011CB98 /* Utils */ = {
			isa = PBXGroup;
			children = (
				47E0522E2C4AFB4C0011CB98 /* Extensions */,
				47E0525A2C4C1F5C0011CB98 /* Helpers */,
				47E0522B2C4AEE890011CB98 /* Typealias */,
			);
			path = Utils;
			sourceTree = "<group>";
		};
		47E052152C4ADC490011CB98 /* AppFlow */ = {
			isa = PBXGroup;
			children = (
				47E052162C4ADC830011CB98 /* Coordinator */,
				47E052222C4AE4A90011CB98 /* Factory */,
				47E0521D2C4AE34A0011CB98 /* Presentable */,
				47E052252C4AE4EC0011CB98 /* Router */,
			);
			path = AppFlow;
			sourceTree = "<group>";
		};
		47E052162C4ADC830011CB98 /* Coordinator */ = {
			isa = PBXGroup;
			children = (
				47E052172C4ADD590011CB98 /* BaseCoordinator.swift */,
				47E052132C4ADC400011CB98 /* Coordinator.swift */,
				47E052192C4AE2FC0011CB98 /* CoordinatorFactory.swift */,
				47E0521B2C4AE31F0011CB98 /* CoordinatorFactoryProtocol.swift */,
			);
			path = Coordinator;
			sourceTree = "<group>";
		};
		47E0521D2C4AE34A0011CB98 /* Presentable */ = {
			isa = PBXGroup;
			children = (
				47E0521E2C4AE3690011CB98 /* BaseView.swift */,
				47E052202C4AE39C0011CB98 /* Presentable.swift */,
			);
			path = Presentable;
			sourceTree = "<group>";
		};
		47E052222C4AE4A90011CB98 /* Factory */ = {
			isa = PBXGroup;
			children = (
				47E052232C4AE4B90011CB98 /* FlowFactory.swift */,
			);
			path = Factory;
			sourceTree = "<group>";
		};
		47E052252C4AE4EC0011CB98 /* Router */ = {
			isa = PBXGroup;
			children = (
				47E052262C4AE5180011CB98 /* Routable.swift */,
				47E052292C4AEE270011CB98 /* Router.swift */,
			);
			path = Router;
			sourceTree = "<group>";
		};
		47E0522B2C4AEE890011CB98 /* Typealias */ = {
			isa = PBXGroup;
			children = (
				47E0522C2C4AEFB10011CB98 /* Typealias.swift */,
			);
			path = Typealias;
			sourceTree = "<group>";
		};
		47E0522E2C4AFB4C0011CB98 /* Extensions */ = {
			isa = PBXGroup;
			children = (
				47E052302C4AFB620011CB98 /* UIKit */,
				47E0522F2C4AFB5B0011CB98 /* Foundation */,
			);
			path = Extensions;
			sourceTree = "<group>";
		};
		47E0522F2C4AFB5B0011CB98 /* Foundation */ = {
			isa = PBXGroup;
			children = (
				47E0527D2C4D7FC30011CB98 /* NSObject+Extensions.swift */,
				47E052582C4C1D640011CB98 /* String+Extensions.swift */,
			);
			path = Foundation;
			sourceTree = "<group>";
		};
		47E052302C4AFB620011CB98 /* UIKit */ = {
			isa = PBXGroup;
			children = (
				47E052332C4AFB8E0011CB98 /* UIApplication+Extensions.swift */,
				47E052622C4C4CF60011CB98 /* UILabel+Extensions.swift */,
				47E052682C4CF3770011CB98 /* UIView+Extensions.swift */,
				47E0526A2C4D2C180011CB98 /* UIStackView+Extensions.swift */,
				47E0527B2C4D54630011CB98 /* UICollectionView+Extensions.swift */,
				47E052862C4E75670011CB98 /* UIColor+Extensions.swift */,
				47E052902C4EF5030011CB98 /* UIDevice+Extensions.swift */,
			);
			path = UIKit;
			sourceTree = "<group>";
		};
		47E052372C4C13B80011CB98 /* SplashScreen */ = {
			isa = PBXGroup;
			children = (
				47E052382C4C15BB0011CB98 /* Coordinator */,
				47E052392C4C15C20011CB98 /* Factory */,
				47E0523A2C4C15DD0011CB98 /* View */,
			);
			path = SplashScreen;
			sourceTree = "<group>";
		};
		47E052382C4C15BB0011CB98 /* Coordinator */ = {
			isa = PBXGroup;
			children = (
				47E0523B2C4C16610011CB98 /* SplashScreenCoordinator.swift */,
			);
			path = Coordinator;
			sourceTree = "<group>";
		};
		47E052392C4C15C20011CB98 /* Factory */ = {
			isa = PBXGroup;
			children = (
				47E0523F2C4C17C20011CB98 /* SplashScreenFlowFactory.swift */,
			);
			path = Factory;
			sourceTree = "<group>";
		};
		47E0523A2C4C15DD0011CB98 /* View */ = {
			isa = PBXGroup;
			children = (
				47E052412C4C17F80011CB98 /* SplashScreenView.swift */,
				47E052432C4C18410011CB98 /* SplashScreenViewController.swift */,
			);
			path = View;
			sourceTree = "<group>";
		};
		47E052452C4C19090011CB98 /* Views */ = {
			isa = PBXGroup;
			children = (
				47E0528A2C4EA6580011CB98 /* ViewController */,
				47E052842C4D8BA30011CB98 /* GradientView.swift */,
				47E052882C4EA6550011CB98 /* AnimationView.swift */,
			);
			path = Views;
			sourceTree = "<group>";
		};
		47E0524A2C4C19AB0011CB98 /* Colors */ = {
			isa = PBXGroup;
			children = (
				47E0524B2C4C1A0F0011CB98 /* ColorsProtocol.swift */,
				47E0524D2C4C1A680011CB98 /* Colors.swift */,
				47E0524F2C4C1AA40011CB98 /* Colors.xcassets */,
			);
			path = Colors;
			sourceTree = "<group>";
		};
		47E052552C4C1D2C0011CB98 /* Localization */ = {
			isa = PBXGroup;
			children = (
				47E052562C4C1D420011CB98 /* LocalizableKeys.swift */,
				47E052642C4CECEA0011CB98 /* Localizable.strings */,
			);
			path = Localization;
			sourceTree = "<group>";
		};
		47E0525A2C4C1F5C0011CB98 /* Helpers */ = {
			isa = PBXGroup;
			children = (
				47E0525B2C4C1F6E0011CB98 /* LanguageType.swift */,
				47E052822C4D85C90011CB98 /* WeatherEvent.swift */,
			);
			path = Helpers;
			sourceTree = "<group>";
		};
		47E0525D2C4C209D0011CB98 /* Services */ = {
			isa = PBXGroup;
			children = (
				47E0525E2C4C20C40011CB98 /* UserDefaultsService.swift */,
			);
			path = Services;
			sourceTree = "<group>";
		};
		47E0526C2C4D43F70011CB98 /* MainScreen */ = {
			isa = PBXGroup;
			children = (
				47E0526D2C4D49A50011CB98 /* Coordinator */,
				47E0526E2C4D49AA0011CB98 /* Factory */,
				47E0526F2C4D49B10011CB98 /* View */,
				47E052702C4D49D60011CB98 /* ViewModel */,
			);
			path = MainScreen;
			sourceTree = "<group>";
		};
		47E0526D2C4D49A50011CB98 /* Coordinator */ = {
			isa = PBXGroup;
			children = (
				47E052712C4D49E50011CB98 /* MainScreenCoordinator.swift */,
			);
			path = Coordinator;
			sourceTree = "<group>";
		};
		47E0526E2C4D49AA0011CB98 /* Factory */ = {
			isa = PBXGroup;
			children = (
				47E052732C4D4A6C0011CB98 /* MainScreenFlowFactory.swift */,
			);
			path = Factory;
			sourceTree = "<group>";
		};
		47E0526F2C4D49B10011CB98 /* View */ = {
			isa = PBXGroup;
			children = (
				47E052752C4D4AC30011CB98 /* MainScreenView.swift */,
				47E052772C4D4B200011CB98 /* MainScreenViewController.swift */,
				47E0527F2C4D84220011CB98 /* Cell */,
			);
			path = View;
			sourceTree = "<group>";
		};
		47E052702C4D49D60011CB98 /* ViewModel */ = {
			isa = PBXGroup;
			children = (
				47E052792C4D4B460011CB98 /* MainScreenViewModel.swift */,
			);
			path = ViewModel;
			sourceTree = "<group>";
		};
		47E0527F2C4D84220011CB98 /* Cell */ = {
			isa = PBXGroup;
			children = (
				47E052802C4D84500011CB98 /* WeatherEventCell.swift */,
			);
			path = Cell;
			sourceTree = "<group>";
		};
		47E0528A2C4EA6580011CB98 /* ViewController */ = {
			isa = PBXGroup;
			children = (
				47E052482C4C19380011CB98 /* BaseViewController.swift */,
			);
			path = ViewController;
			sourceTree = "<group>";
		};
/* End PBXGroup section */

/* Begin PBXNativeTarget section */
		47E051EB2C49989D0011CB98 /* WeatherEvent */ = {
			isa = PBXNativeTarget;
			buildConfigurationList = 47E052002C49989E0011CB98 /* Build configuration list for PBXNativeTarget "WeatherEvent" */;
			buildPhases = (
				47E051E82C49989D0011CB98 /* Sources */,
				47E051E92C49989D0011CB98 /* Frameworks */,
				47E051EA2C49989D0011CB98 /* Resources */,
			);
			buildRules = (
			);
			dependencies = (
			);
			name = WeatherEvent;
			productName = WeatherEvent;
			productReference = 47E051EC2C49989D0011CB98 /* Weather Events.app */;
			productType = "com.apple.product-type.application";
		};
/* End PBXNativeTarget section */

/* Begin PBXProject section */
		47E051E42C49989D0011CB98 /* Project object */ = {
			isa = PBXProject;
			attributes = {
				BuildIndependentTargetsInParallel = 1;
				LastSwiftUpdateCheck = 1540;
				LastUpgradeCheck = 1540;
				TargetAttributes = {
					47E051EB2C49989D0011CB98 = {
						CreatedOnToolsVersion = 15.4;
					};
				};
			};
			buildConfigurationList = 47E051E72C49989D0011CB98 /* Build configuration list for PBXProject "WeatherEvent" */;
			compatibilityVersion = "Xcode 14.0";
			developmentRegion = en;
			hasScannedForEncodings = 0;
			knownRegions = (
				en,
				Base,
				ru,
			);
			mainGroup = 47E051E32C49989D0011CB98;
			productRefGroup = 47E051ED2C49989D0011CB98 /* Products */;
			projectDirPath = "";
			projectRoot = "";
			targets = (
				47E051EB2C49989D0011CB98 /* WeatherEvent */,
			);
		};
/* End PBXProject section */

/* Begin PBXResourcesBuildPhase section */
		47E051EA2C49989D0011CB98 /* Resources */ = {
			isa = PBXResourcesBuildPhase;
			buildActionMask = 2147483647;
			files = (
				47E052502C4C1AA40011CB98 /* Colors.xcassets in Resources */,
				47E052662C4CECEA0011CB98 /* Localizable.strings in Resources */,
				47E051F92C49989E0011CB98 /* Images.xcassets in Resources */,
				47E051FC2C49989E0011CB98 /* Base in Resources */,
			);
			runOnlyForDeploymentPostprocessing = 0;
		};
/* End PBXResourcesBuildPhase section */

/* Begin PBXSourcesBuildPhase section */
		47E051E82C49989D0011CB98 /* Sources */ = {
			isa = PBXSourcesBuildPhase;
			buildActionMask = 2147483647;
			files = (
				47E052342C4AFB8E0011CB98 /* UIApplication+Extensions.swift in Sources */,
				47E0527A2C4D4B460011CB98 /* MainScreenViewModel.swift in Sources */,
				47E052782C4D4B200011CB98 /* MainScreenViewController.swift in Sources */,
				47E0524E2C4C1A680011CB98 /* Colors.swift in Sources */,
				47E052242C4AE4B90011CB98 /* FlowFactory.swift in Sources */,
				47E0524C2C4C1A0F0011CB98 /* ColorsProtocol.swift in Sources */,
				47E052182C4ADD590011CB98 /* BaseCoordinator.swift in Sources */,
				47E0527E2C4D7FC30011CB98 /* NSObject+Extensions.swift in Sources */,
				47E052742C4D4A6C0011CB98 /* MainScreenFlowFactory.swift in Sources */,
				47E052142C4ADC400011CB98 /* Coordinator.swift in Sources */,
				47E052762C4D4AC30011CB98 /* MainScreenView.swift in Sources */,
				47E052872C4E75670011CB98 /* UIColor+Extensions.swift in Sources */,
				47E052572C4C1D420011CB98 /* LocalizableKeys.swift in Sources */,
				47E0526B2C4D2C180011CB98 /* UIStackView+Extensions.swift in Sources */,
				47E052492C4C19380011CB98 /* BaseViewController.swift in Sources */,
				47E0522A2C4AEE270011CB98 /* Router.swift in Sources */,
				47E052362C4C12CE0011CB98 /* AppCoordinator.swift in Sources */,
				47E052272C4AE5180011CB98 /* Routable.swift in Sources */,
				47E052402C4C17C20011CB98 /* SplashScreenFlowFactory.swift in Sources */,
				47E052692C4CF3770011CB98 /* UIView+Extensions.swift in Sources */,
				47E052892C4EA6550011CB98 /* AnimationView.swift in Sources */,
				47E0521A2C4AE2FC0011CB98 /* CoordinatorFactory.swift in Sources */,
				47E0525C2C4C1F6E0011CB98 /* LanguageType.swift in Sources */,
				47E052542C4C1C890011CB98 /* Images.swift in Sources */,
				47E0525F2C4C20C40011CB98 /* UserDefaultsService.swift in Sources */,
				47E052852C4D8BA30011CB98 /* GradientView.swift in Sources */,
				47E0523C2C4C16610011CB98 /* SplashScreenCoordinator.swift in Sources */,
				47E052592C4C1D640011CB98 /* String+Extensions.swift in Sources */,
				47E052442C4C18410011CB98 /* SplashScreenViewController.swift in Sources */,
				47E052422C4C17F80011CB98 /* SplashScreenView.swift in Sources */,
				47E052522C4C1C2F0011CB98 /* ImagesProtocol.swift in Sources */,
				47E052632C4C4CF60011CB98 /* UILabel+Extensions.swift in Sources */,
				47E052812C4D84500011CB98 /* WeatherEventCell.swift in Sources */,
				47E0521C2C4AE31F0011CB98 /* CoordinatorFactoryProtocol.swift in Sources */,
				47E052722C4D49E50011CB98 /* MainScreenCoordinator.swift in Sources */,
				47E051F02C49989D0011CB98 /* AppDelegate.swift in Sources */,
				47E052832C4D85C90011CB98 /* WeatherEvent.swift in Sources */,
				47E0527C2C4D54630011CB98 /* UICollectionView+Extensions.swift in Sources */,
				47E0521F2C4AE3690011CB98 /* BaseView.swift in Sources */,
				47E0522D2C4AEFB10011CB98 /* Typealias.swift in Sources */,
				47E052212C4AE39C0011CB98 /* Presentable.swift in Sources */,
				47E052912C4EF5030011CB98 /* UIDevice+Extensions.swift in Sources */,
			);
			runOnlyForDeploymentPostprocessing = 0;
		};
/* End PBXSourcesBuildPhase section */

/* Begin PBXVariantGroup section */
		47E051FA2C49989E0011CB98 /* LaunchScreen.storyboard */ = {
			isa = PBXVariantGroup;
			children = (
				47E051FB2C49989E0011CB98 /* Base */,
			);
			name = LaunchScreen.storyboard;
			sourceTree = "<group>";
		};
		47E052642C4CECEA0011CB98 /* Localizable.strings */ = {
			isa = PBXVariantGroup;
			children = (
				47E052652C4CECEA0011CB98 /* en */,
				47E052672C4CED010011CB98 /* ru */,
			);
			name = Localizable.strings;
			sourceTree = "<group>";
		};
/* End PBXVariantGroup section */

/* Begin XCBuildConfiguration section */
		47E051FE2C49989E0011CB98 /* Debug */ = {
			isa = XCBuildConfiguration;
			buildSettings = {
				ALWAYS_SEARCH_USER_PATHS = NO;
				ASSETCATALOG_COMPILER_GENERATE_SWIFT_ASSET_SYMBOL_EXTENSIONS = YES;
				CLANG_ANALYZER_LOCALIZABILITY_NONLOCALIZED = YES;
				CLANG_ANALYZER_NONNULL = YES;
				CLANG_ANALYZER_NUMBER_OBJECT_CONVERSION = YES_AGGRESSIVE;
				CLANG_CXX_LANGUAGE_STANDARD = "gnu++20";
				CLANG_ENABLE_MODULES = YES;
				CLANG_ENABLE_OBJC_ARC = YES;
				CLANG_ENABLE_OBJC_WEAK = YES;
				CLANG_WARN_BLOCK_CAPTURE_AUTORELEASING = YES;
				CLANG_WARN_BOOL_CONVERSION = YES;
				CLANG_WARN_COMMA = YES;
				CLANG_WARN_CONSTANT_CONVERSION = YES;
				CLANG_WARN_DEPRECATED_OBJC_IMPLEMENTATIONS = YES;
				CLANG_WARN_DIRECT_OBJC_ISA_USAGE = YES_ERROR;
				CLANG_WARN_DOCUMENTATION_COMMENTS = YES;
				CLANG_WARN_EMPTY_BODY = YES;
				CLANG_WARN_ENUM_CONVERSION = YES;
				CLANG_WARN_INFINITE_RECURSION = YES;
				CLANG_WARN_INT_CONVERSION = YES;
				CLANG_WARN_NON_LITERAL_NULL_CONVERSION = YES;
				CLANG_WARN_OBJC_IMPLICIT_RETAIN_SELF = YES;
				CLANG_WARN_OBJC_LITERAL_CONVERSION = YES;
				CLANG_WARN_OBJC_ROOT_CLASS = YES_ERROR;
				CLANG_WARN_QUOTED_INCLUDE_IN_FRAMEWORK_HEADER = YES;
				CLANG_WARN_RANGE_LOOP_ANALYSIS = YES;
				CLANG_WARN_STRICT_PROTOTYPES = YES;
				CLANG_WARN_SUSPICIOUS_MOVE = YES;
				CLANG_WARN_UNGUARDED_AVAILABILITY = YES_AGGRESSIVE;
				CLANG_WARN_UNREACHABLE_CODE = YES;
				CLANG_WARN__DUPLICATE_METHOD_MATCH = YES;
				COPY_PHASE_STRIP = NO;
				DEBUG_INFORMATION_FORMAT = dwarf;
				ENABLE_STRICT_OBJC_MSGSEND = YES;
				ENABLE_TESTABILITY = YES;
				ENABLE_USER_SCRIPT_SANDBOXING = YES;
				GCC_C_LANGUAGE_STANDARD = gnu17;
				GCC_DYNAMIC_NO_PIC = NO;
				GCC_NO_COMMON_BLOCKS = YES;
				GCC_OPTIMIZATION_LEVEL = 0;
				GCC_PREPROCESSOR_DEFINITIONS = (
					"DEBUG=1",
					"$(inherited)",
				);
				GCC_WARN_64_TO_32_BIT_CONVERSION = YES;
				GCC_WARN_ABOUT_RETURN_TYPE = YES_ERROR;
				GCC_WARN_UNDECLARED_SELECTOR = YES;
				GCC_WARN_UNINITIALIZED_AUTOS = YES_AGGRESSIVE;
				GCC_WARN_UNUSED_FUNCTION = YES;
				GCC_WARN_UNUSED_VARIABLE = YES;
				IPHONEOS_DEPLOYMENT_TARGET = 13.0;
				LOCALIZATION_PREFERS_STRING_CATALOGS = YES;
				MTL_ENABLE_DEBUG_INFO = INCLUDE_SOURCE;
				MTL_FAST_MATH = YES;
				ONLY_ACTIVE_ARCH = YES;
				SDKROOT = iphoneos;
				SWIFT_ACTIVE_COMPILATION_CONDITIONS = "DEBUG $(inherited)";
				SWIFT_OPTIMIZATION_LEVEL = "-Onone";
			};
			name = Debug;
		};
		47E051FF2C49989E0011CB98 /* Release */ = {
			isa = XCBuildConfiguration;
			buildSettings = {
				ALWAYS_SEARCH_USER_PATHS = NO;
				ASSETCATALOG_COMPILER_GENERATE_SWIFT_ASSET_SYMBOL_EXTENSIONS = YES;
				CLANG_ANALYZER_LOCALIZABILITY_NONLOCALIZED = YES;
				CLANG_ANALYZER_NONNULL = YES;
				CLANG_ANALYZER_NUMBER_OBJECT_CONVERSION = YES_AGGRESSIVE;
				CLANG_CXX_LANGUAGE_STANDARD = "gnu++20";
				CLANG_ENABLE_MODULES = YES;
				CLANG_ENABLE_OBJC_ARC = YES;
				CLANG_ENABLE_OBJC_WEAK = YES;
				CLANG_WARN_BLOCK_CAPTURE_AUTORELEASING = YES;
				CLANG_WARN_BOOL_CONVERSION = YES;
				CLANG_WARN_COMMA = YES;
				CLANG_WARN_CONSTANT_CONVERSION = YES;
				CLANG_WARN_DEPRECATED_OBJC_IMPLEMENTATIONS = YES;
				CLANG_WARN_DIRECT_OBJC_ISA_USAGE = YES_ERROR;
				CLANG_WARN_DOCUMENTATION_COMMENTS = YES;
				CLANG_WARN_EMPTY_BODY = YES;
				CLANG_WARN_ENUM_CONVERSION = YES;
				CLANG_WARN_INFINITE_RECURSION = YES;
				CLANG_WARN_INT_CONVERSION = YES;
				CLANG_WARN_NON_LITERAL_NULL_CONVERSION = YES;
				CLANG_WARN_OBJC_IMPLICIT_RETAIN_SELF = YES;
				CLANG_WARN_OBJC_LITERAL_CONVERSION = YES;
				CLANG_WARN_OBJC_ROOT_CLASS = YES_ERROR;
				CLANG_WARN_QUOTED_INCLUDE_IN_FRAMEWORK_HEADER = YES;
				CLANG_WARN_RANGE_LOOP_ANALYSIS = YES;
				CLANG_WARN_STRICT_PROTOTYPES = YES;
				CLANG_WARN_SUSPICIOUS_MOVE = YES;
				CLANG_WARN_UNGUARDED_AVAILABILITY = YES_AGGRESSIVE;
				CLANG_WARN_UNREACHABLE_CODE = YES;
				CLANG_WARN__DUPLICATE_METHOD_MATCH = YES;
				COPY_PHASE_STRIP = NO;
				DEBUG_INFORMATION_FORMAT = "dwarf-with-dsym";
				ENABLE_NS_ASSERTIONS = NO;
				ENABLE_STRICT_OBJC_MSGSEND = YES;
				ENABLE_USER_SCRIPT_SANDBOXING = YES;
				GCC_C_LANGUAGE_STANDARD = gnu17;
				GCC_NO_COMMON_BLOCKS = YES;
				GCC_WARN_64_TO_32_BIT_CONVERSION = YES;
				GCC_WARN_ABOUT_RETURN_TYPE = YES_ERROR;
				GCC_WARN_UNDECLARED_SELECTOR = YES;
				GCC_WARN_UNINITIALIZED_AUTOS = YES_AGGRESSIVE;
				GCC_WARN_UNUSED_FUNCTION = YES;
				GCC_WARN_UNUSED_VARIABLE = YES;
				IPHONEOS_DEPLOYMENT_TARGET = 13.0;
				LOCALIZATION_PREFERS_STRING_CATALOGS = YES;
				MTL_ENABLE_DEBUG_INFO = NO;
				MTL_FAST_MATH = YES;
				SDKROOT = iphoneos;
				SWIFT_COMPILATION_MODE = wholemodule;
				VALIDATE_PRODUCT = YES;
			};
			name = Release;
		};
		47E052012C49989E0011CB98 /* Debug */ = {
			isa = XCBuildConfiguration;
			buildSettings = {
				ASSETCATALOG_COMPILER_APPICON_NAME = AppIcon;
				ASSETCATALOG_COMPILER_GLOBAL_ACCENT_COLOR_NAME = AccentColor;
				CODE_SIGN_STYLE = Automatic;
				CURRENT_PROJECT_VERSION = 1;
				DEVELOPMENT_TEAM = 9QVR9UVA7V;
				GENERATE_INFOPLIST_FILE = YES;
				INFOPLIST_FILE = WeatherEvent/Resources/Info.plist;
				INFOPLIST_KEY_UIApplicationSupportsIndirectInputEvents = YES;
				INFOPLIST_KEY_UILaunchStoryboardName = LaunchScreen;
				INFOPLIST_KEY_UISupportedInterfaceOrientations_iPad = "UIInterfaceOrientationPortrait UIInterfaceOrientationPortraitUpsideDown UIInterfaceOrientationLandscapeLeft UIInterfaceOrientationLandscapeRight";
				INFOPLIST_KEY_UISupportedInterfaceOrientations_iPhone = "UIInterfaceOrientationPortrait UIInterfaceOrientationLandscapeLeft UIInterfaceOrientationLandscapeRight";
				LD_RUNPATH_SEARCH_PATHS = (
					"$(inherited)",
					"@executable_path/Frameworks",
				);
				MARKETING_VERSION = 1.0;
				PRODUCT_BUNDLE_IDENTIFIER = com.abgdrv.WeatherEvent;
				PRODUCT_NAME = "Weather Events";
				SWIFT_EMIT_LOC_STRINGS = YES;
				SWIFT_VERSION = 5.0;
				TARGETED_DEVICE_FAMILY = "1,2";
			};
			name = Debug;
		};
		47E052022C49989E0011CB98 /* Release */ = {
			isa = XCBuildConfiguration;
			buildSettings = {
				ASSETCATALOG_COMPILER_APPICON_NAME = AppIcon;
				ASSETCATALOG_COMPILER_GLOBAL_ACCENT_COLOR_NAME = AccentColor;
				CODE_SIGN_STYLE = Automatic;
				CURRENT_PROJECT_VERSION = 1;
				DEVELOPMENT_TEAM = 9QVR9UVA7V;
				GENERATE_INFOPLIST_FILE = YES;
				INFOPLIST_FILE = WeatherEvent/Resources/Info.plist;
				INFOPLIST_KEY_UIApplicationSupportsIndirectInputEvents = YES;
				INFOPLIST_KEY_UILaunchStoryboardName = LaunchScreen;
				INFOPLIST_KEY_UISupportedInterfaceOrientations_iPad = "UIInterfaceOrientationPortrait UIInterfaceOrientationPortraitUpsideDown UIInterfaceOrientationLandscapeLeft UIInterfaceOrientationLandscapeRight";
				INFOPLIST_KEY_UISupportedInterfaceOrientations_iPhone = "UIInterfaceOrientationPortrait UIInterfaceOrientationLandscapeLeft UIInterfaceOrientationLandscapeRight";
				LD_RUNPATH_SEARCH_PATHS = (
					"$(inherited)",
					"@executable_path/Frameworks",
				);
				MARKETING_VERSION = 1.0;
				PRODUCT_BUNDLE_IDENTIFIER = com.abgdrv.WeatherEvent;
				PRODUCT_NAME = "Weather Events";
				SWIFT_EMIT_LOC_STRINGS = YES;
				SWIFT_VERSION = 5.0;
				TARGETED_DEVICE_FAMILY = "1,2";
			};
			name = Release;
		};
/* End XCBuildConfiguration section */

/* Begin XCConfigurationList section */
		47E051E72C49989D0011CB98 /* Build configuration list for PBXProject "WeatherEvent" */ = {
			isa = XCConfigurationList;
			buildConfigurations = (
				47E051FE2C49989E0011CB98 /* Debug */,
				47E051FF2C49989E0011CB98 /* Release */,
			);
			defaultConfigurationIsVisible = 0;
			defaultConfigurationName = Release;
		};
		47E052002C49989E0011CB98 /* Build configuration list for PBXNativeTarget "WeatherEvent" */ = {
			isa = XCConfigurationList;
			buildConfigurations = (
				47E052012C49989E0011CB98 /* Debug */,
				47E052022C49989E0011CB98 /* Release */,
			);
			defaultConfigurationIsVisible = 0;
			defaultConfigurationName = Release;
		};
/* End XCConfigurationList section */
	};
	rootObject = 47E051E42C49989D0011CB98 /* Project object */;
}
